
Microsoft Visual Studio Solution File, Format Version 12.00
Project("{FAE04EC0-301F-11D3-BF4B-00C04F79EFBC}") = "AreaCalculator", "AreaCalculator\AreaCalculator.csproj", "{A72F8F78-5FEA-4084-906B-2C86BF9A8B18}"
EndProject
Project("{FAE04EC0-301F-11D3-BF4B-00C04F79EFBC}") = "AreaCalculator.Tests", "AreaCalculator.Tests\AreaCalculator.Tests.csproj", "{F2A5F9F6-AFC7-4478-809A-68C5CD942A43}"
EndProject
Global
	GlobalSection(SolutionConfigurationPlatforms) = preSolution
		Debug|Any CPU = Debug|Any CPU
		Release|Any CPU = Release|Any CPU
	EndGlobalSection
	GlobalSection(ProjectConfigurationPlatforms) = postSolution
		{A72F8F78-5FEA-4084-906B-2C86BF9A8B18}.Debug|Any CPU.ActiveCfg = Debug|Any CPU
		{A72F8F78-5FEA-4084-906B-2C86BF9A8B18}.Debug|Any CPU.Build.0 = Debug|Any CPU
		{A72F8F78-5FEA-4084-906B-2C86BF9A8B18}.Release|Any CPU.ActiveCfg = Release|Any CPU
		{A72F8F78-5FEA-4084-906B-2C86BF9A8B18}.Release|Any CPU.Build.0 = Release|Any CPU
		{F2A5F9F6-AFC7-4478-809A-68C5CD942A43}.Debug|Any CPU.ActiveCfg = Debug|Any CPU
		{F2A5F9F6-AFC7-4478-809A-68C5CD942A43}.Debug|Any CPU.Build.0 = Debug|Any CPU
		{F2A5F9F6-AFC7-4478-809A-68C5CD942A43}.Release|Any CPU.ActiveCfg = Release|Any CPU
		{F2A5F9F6-AFC7-4478-809A-68C5CD942A43}.Release|Any CPU.Build.0 = Release|Any CPU
	EndGlobalSection
EndGlobal
